{
  "version": "5",
  "specifiers": {
    "jsr:@std/assert@1": "1.0.16",
    "jsr:@std/internal@^1.0.12": "1.0.12",
    "jsr:@std/yaml@^1.0.10": "1.0.10",
    "npm:@twurple/api@^8.0.2": "8.0.2_@twurple+auth@8.0.2",
    "npm:@twurple/auth@^8.0.2": "8.0.2",
    "npm:@twurple/eventsub-ws@^8.0.2": "8.0.2_@twurple+api@8.0.2__@twurple+auth@8.0.2_@twurple+auth@8.0.2",
    "npm:ky@^1.14.0": "1.14.0",
    "npm:node-osc@^11.1.1": "11.1.1",
    "npm:open@11": "11.0.0",
    "npm:osc@^2.4.5": "2.4.5",
    "npm:typebox@^1.0.61": "1.0.61"
  },
  "jsr": {
    "@std/assert@1.0.16": {
      "integrity": "6a7272ed1eaa77defe76e5ff63ca705d9c495077e2d5fd0126d2b53fc5bd6532",
      "dependencies": [
        "jsr:@std/internal"
      ]
    },
    "@std/internal@1.0.12": {
      "integrity": "972a634fd5bc34b242024402972cd5143eac68d8dffaca5eaa4dba30ce17b027"
    },
    "@std/yaml@1.0.10": {
      "integrity": "245706ea3511cc50c8c6d00339c23ea2ffa27bd2c7ea5445338f8feff31fa58e"
    }
  },
  "npm": {
    "@d-fischer/cache-decorators@4.0.1": {
      "integrity": "sha512-HNYLBLWs/t28GFZZeqdIBqq8f37mqDIFO6xNPof94VjpKvuP6ROqCZGafx88dk5zZUlBfViV9jD8iNNlXfc4CA==",
      "dependencies": [
        "@d-fischer/shared-utils",
        "tslib"
      ]
    },
    "@d-fischer/connection@9.0.0_ws@8.18.3": {
      "integrity": "sha512-Mljp/EbaE+eYWfsFXUOk+RfpbHgrWGL/60JkAvjYixw6KREfi5r17XdUiXe54ByAQox6jwgdN2vebdmW1BT+nQ==",
      "dependencies": [
        "@d-fischer/isomorphic-ws",
        "@d-fischer/logger",
        "@d-fischer/shared-utils",
        "@d-fischer/typed-event-emitter",
        "@types/ws",
        "tslib",
        "ws@8.18.3"
      ]
    },
    "@d-fischer/detect-node@3.0.1": {
      "integrity": "sha512-0Rf3XwTzuTh8+oPZW9SfxTIiL+26RRJ0BRPwj5oVjZFyFKmsj9RGfN2zuTRjOuA3FCK/jYm06HOhwNK+8Pfv8w=="
    },
    "@d-fischer/isomorphic-ws@7.0.2_ws@8.18.3": {
      "integrity": "sha512-xK+qIJUF0ne3dsjq5Y3BviQ4M+gx9dzkN+dPP7abBMje4YRfow+X9jBgeEoTe5e+Q6+8hI9R0b37Okkk8Vf0hQ==",
      "dependencies": [
        "ws@8.18.3"
      ]
    },
    "@d-fischer/logger@4.2.4": {
      "integrity": "sha512-TFMZ/SVW8xyQtyJw9Rcuci4betSKy0qbQn2B5+1+72vVXeO8Qb1pYvuwF5qr0vDGundmSWq7W8r19nVPnXXSvA==",
      "dependencies": [
        "@d-fischer/detect-node",
        "@d-fischer/shared-utils",
        "tslib"
      ]
    },
    "@d-fischer/rate-limiter@1.1.0": {
      "integrity": "sha512-O5HgACwApyCZhp4JTEBEtbv/W3eAwEkrARFvgWnEsDmXgCMWjIHwohWoHre5BW6IYXFSHBGsuZB/EvNL3942kQ==",
      "dependencies": [
        "@d-fischer/logger",
        "@d-fischer/shared-utils",
        "tslib"
      ]
    },
    "@d-fischer/shared-utils@3.6.4": {
      "integrity": "sha512-BPkVLHfn2Lbyo/ENDBwtEB8JVQ+9OzkjJhUunLaxkw4k59YFlQxUUwlDBejVSFcpQT0t+D3CQlX+ySZnQj0wxw==",
      "dependencies": [
        "tslib"
      ]
    },
    "@d-fischer/typed-event-emitter@3.3.3": {
      "integrity": "sha512-OvSEOa8icfdWDqcRtjSEZtgJTFOFNgTjje7zaL0+nAtu2/kZtRCSK5wUMrI/aXtCH8o0Qz2vA8UqkhWUTARFQQ==",
      "dependencies": [
        "tslib"
      ]
    },
    "@serialport/binding-mock@10.2.2": {
      "integrity": "sha512-HAFzGhk9OuFMpuor7aT5G1ChPgn5qSsklTFOTUX72Rl6p0xwcSVsRtG/xaGp6bxpN7fI9D/S8THLBWbBgS6ldw==",
      "dependencies": [
        "@serialport/bindings-interface",
        "debug"
      ]
    },
    "@serialport/bindings-cpp@12.0.1": {
      "integrity": "sha512-r2XOwY2dDvbW7dKqSPIk2gzsr6M6Qpe9+/Ngs94fNaNlcTRCV02PfaoDmRgcubpNVVcLATlxSxPTIDw12dbKOg==",
      "dependencies": [
        "@serialport/bindings-interface",
        "@serialport/parser-readline@11.0.0",
        "debug",
        "node-addon-api",
        "node-gyp-build"
      ],
      "scripts": true
    },
    "@serialport/bindings-interface@1.2.2": {
      "integrity": "sha512-CJaUd5bLvtM9c5dmO9rPBHPXTa9R2UwpkJ0wdh9JCYcbrPWsKz+ErvR0hBLeo7NPeiFdjFO4sonRljiw4d2XiA=="
    },
    "@serialport/parser-byte-length@12.0.0": {
      "integrity": "sha512-0ei0txFAj+s6FTiCJFBJ1T2hpKkX8Md0Pu6dqMrYoirjPskDLJRgZGLqoy3/lnU1bkvHpnJO+9oJ3PB9v8rNlg=="
    },
    "@serialport/parser-cctalk@12.0.0": {
      "integrity": "sha512-0PfLzO9t2X5ufKuBO34DQKLXrCCqS9xz2D0pfuaLNeTkyGUBv426zxoMf3rsMRodDOZNbFblu3Ae84MOQXjnZw=="
    },
    "@serialport/parser-delimiter@11.0.0": {
      "integrity": "sha512-aZLJhlRTjSmEwllLG7S4J8s8ctRAS0cbvCpO87smLvl3e4BgzbVgF6Z6zaJd3Aji2uSiYgfedCdNc4L6W+1E2g=="
    },
    "@serialport/parser-delimiter@12.0.0": {
      "integrity": "sha512-gu26tVt5lQoybhorLTPsH2j2LnX3AOP2x/34+DUSTNaUTzu2fBXw+isVjQJpUBFWu6aeQRZw5bJol5X9Gxjblw=="
    },
    "@serialport/parser-inter-byte-timeout@12.0.0": {
      "integrity": "sha512-GnCh8K0NAESfhCuXAt+FfBRz1Cf9CzIgXfp7SdMgXwrtuUnCC/yuRTUFWRvuzhYKoAo1TL0hhUo77SFHUH1T/w=="
    },
    "@serialport/parser-packet-length@12.0.0": {
      "integrity": "sha512-p1hiCRqvGHHLCN/8ZiPUY/G0zrxd7gtZs251n+cfNTn+87rwcdUeu9Dps3Aadx30/sOGGFL6brIRGK4l/t7MuQ=="
    },
    "@serialport/parser-readline@11.0.0": {
      "integrity": "sha512-rRAivhRkT3YO28WjmmG4FQX6L+KMb5/ikhyylRfzWPw0nSXy97+u07peS9CbHqaNvJkMhH1locp2H36aGMOEIA==",
      "dependencies": [
        "@serialport/parser-delimiter@11.0.0"
      ]
    },
    "@serialport/parser-readline@12.0.0": {
      "integrity": "sha512-O7cywCWC8PiOMvo/gglEBfAkLjp/SENEML46BXDykfKP5mTPM46XMaX1L0waWU6DXJpBgjaL7+yX6VriVPbN4w==",
      "dependencies": [
        "@serialport/parser-delimiter@12.0.0"
      ]
    },
    "@serialport/parser-ready@12.0.0": {
      "integrity": "sha512-ygDwj3O4SDpZlbrRUraoXIoIqb8sM7aMKryGjYTIF0JRnKeB1ys8+wIp0RFMdFbO62YriUDextHB5Um5cKFSWg=="
    },
    "@serialport/parser-regex@12.0.0": {
      "integrity": "sha512-dCAVh4P/pZrLcPv9NJ2mvPRBg64L5jXuiRxIlyxxdZGH4WubwXVXY/kBTihQmiAMPxbT3yshSX8f2+feqWsxqA=="
    },
    "@serialport/parser-slip-encoder@12.0.0": {
      "integrity": "sha512-0APxDGR9YvJXTRfY+uRGhzOhTpU5akSH183RUcwzN7QXh8/1jwFsFLCu0grmAUfi+fItCkR+Xr1TcNJLR13VNA=="
    },
    "@serialport/parser-spacepacket@12.0.0": {
      "integrity": "sha512-dozONxhPC/78pntuxpz/NOtVps8qIc/UZzdc/LuPvVsqCoJXiRxOg6ZtCP/W58iibJDKPZPAWPGYeZt9DJxI+Q=="
    },
    "@serialport/stream@12.0.0": {
      "integrity": "sha512-9On64rhzuqKdOQyiYLYv2lQOh3TZU/D3+IWCR5gk0alPel2nwpp4YwDEGiUBfrQZEdQ6xww0PWkzqth4wqwX3Q==",
      "dependencies": [
        "@serialport/bindings-interface",
        "debug"
      ]
    },
    "@twurple/api-call@8.0.2": {
      "integrity": "sha512-Qalqb20+VdFKcRpWe9lRoatLxbsCCcbUS70ODQ0pcRgNvVYO4SIL1FcoOwNK+ra1Gtu7x2DdYnJn1Era1HhIOg==",
      "dependencies": [
        "@d-fischer/shared-utils",
        "@twurple/common",
        "tslib"
      ]
    },
    "@twurple/api@8.0.2_@twurple+auth@8.0.2": {
      "integrity": "sha512-zBWU/UaNGjCu5IQzYTWJONbG7FyXtDP5TYRVIKdUqZ3EXCi9H6j6kcx+GVNfikd3zx7boHDVZqCzOt4VGdgsPA==",
      "dependencies": [
        "@d-fischer/cache-decorators",
        "@d-fischer/detect-node",
        "@d-fischer/logger",
        "@d-fischer/rate-limiter",
        "@d-fischer/shared-utils",
        "@d-fischer/typed-event-emitter",
        "@twurple/api-call",
        "@twurple/auth",
        "@twurple/common",
        "retry",
        "tslib"
      ]
    },
    "@twurple/auth@8.0.2": {
      "integrity": "sha512-FbkZqvyw7ZedMdXKP2xDQ/G22EY56LB0J14yZXHfrcLDnh7yofgAe8nQAT4gDIF+kl51AnMxt1Zsay6C8b2Gmw==",
      "dependencies": [
        "@d-fischer/logger",
        "@d-fischer/shared-utils",
        "@d-fischer/typed-event-emitter",
        "@twurple/api-call",
        "@twurple/common",
        "tslib"
      ]
    },
    "@twurple/common@8.0.2": {
      "integrity": "sha512-67PpI8z0KAQhgjpf4vdKLC/jur7iHFay4whtJ4EP+Tj/qHBqgfjHxKIhFpRJqpTb+68TpUz0v2J5CVA7ugMDuQ==",
      "dependencies": [
        "@d-fischer/shared-utils",
        "klona",
        "tslib"
      ]
    },
    "@twurple/eventsub-base@8.0.2_@twurple+auth@8.0.2": {
      "integrity": "sha512-WY+BSmUTndwHFPUlqRC0XVc2jx+U7gCzeMIOM6Z1dc1syb4WDYGLIY3pRMVSYuCM/ZC3t8V4g+/xormQIhpbcA==",
      "dependencies": [
        "@d-fischer/logger",
        "@d-fischer/shared-utils",
        "@d-fischer/typed-event-emitter",
        "@twurple/api",
        "@twurple/auth",
        "@twurple/common",
        "tslib"
      ]
    },
    "@twurple/eventsub-ws@8.0.2_@twurple+api@8.0.2__@twurple+auth@8.0.2_@twurple+auth@8.0.2": {
      "integrity": "sha512-T+qzK4lJcoD+l6hIuyPJ0vAqiQSrdh6l017Sbs3f5k2cMfleiP5vio09e0RZmps6l8bxwq84CIyyrHMpP5R60A==",
      "dependencies": [
        "@d-fischer/connection",
        "@d-fischer/logger",
        "@d-fischer/shared-utils",
        "@d-fischer/typed-event-emitter",
        "@twurple/api",
        "@twurple/auth",
        "@twurple/common",
        "@twurple/eventsub-base",
        "tslib"
      ]
    },
    "@types/node@24.2.0": {
      "integrity": "sha512-3xyG3pMCq3oYCNg7/ZP+E1ooTaGB4cG8JWRsqqOYQdbWNY4zbaV0Ennrd7stjiJEFZCaybcIgpTjJWHRfBSIDw==",
      "dependencies": [
        "undici-types"
      ]
    },
    "@types/ws@8.18.1": {
      "integrity": "sha512-ThVF6DCVhA8kUGy+aazFQ4kXQ7E1Ty7A3ypFOe0IcJV8O/M511G99AW24irKrW56Wt44yG9+ij8FaqoBGkuBXg==",
      "dependencies": [
        "@types/node"
      ]
    },
    "bundle-name@4.1.0": {
      "integrity": "sha512-tjwM5exMg6BGRI+kNmTntNsvdZS1X8BFYS6tnJ2hdH0kVxM6/eVZ2xy+FqStSWvYmtfFMDLIxurorHwDKfDz5Q==",
      "dependencies": [
        "run-applescript"
      ]
    },
    "debug@4.3.4": {
      "integrity": "sha512-PRWFHuSU3eDtQJPvnNY7Jcket1j0t5OuOsFzPPzsekD52Zl8qUfFIPEiswXqIvHWGVHOgX+7G/vCNNhehwxfkQ==",
      "dependencies": [
        "ms"
      ]
    },
    "default-browser-id@5.0.1": {
      "integrity": "sha512-x1VCxdX4t+8wVfd1so/9w+vQ4vx7lKd2Qp5tDRutErwmR85OgmfX7RlLRMWafRMY7hbEiXIbudNrjOAPa/hL8Q=="
    },
    "default-browser@5.4.0": {
      "integrity": "sha512-XDuvSq38Hr1MdN47EDvYtx3U0MTqpCEn+F6ft8z2vYDzMrvQhVp0ui9oQdqW3MvK3vqUETglt1tVGgjLuJ5izg==",
      "dependencies": [
        "bundle-name",
        "default-browser-id"
      ]
    },
    "define-lazy-prop@3.0.0": {
      "integrity": "sha512-N+MeXYoqr3pOgn8xfyRPREN7gHakLYjhsHhWGT3fWAiL4IkAt0iDw14QiiEm2bE30c5XX5q0FtAA3CK5f9/BUg=="
    },
    "is-docker@3.0.0": {
      "integrity": "sha512-eljcgEDlEns/7AXFosB5K/2nCM4P7FQPkGc/DWLy5rmFEWvZayGrik1d9/QIY5nJ4f9YsVvBkA6kJpHn9rISdQ==",
      "bin": true
    },
    "is-in-ssh@1.0.0": {
      "integrity": "sha512-jYa6Q9rH90kR1vKB6NM7qqd1mge3Fx4Dhw5TVlK1MUBqhEOuCagrEHMevNuCcbECmXZ0ThXkRm+Ymr51HwEPAw=="
    },
    "is-inside-container@1.0.0": {
      "integrity": "sha512-KIYLCCJghfHZxqjYBE7rEy0OBuTd5xCHS7tHVgvCLkx7StIoaxwNW3hCALgEUjFfeRk+MG/Qxmp/vtETEF3tRA==",
      "dependencies": [
        "is-docker"
      ],
      "bin": true
    },
    "is-wsl@3.1.0": {
      "integrity": "sha512-UcVfVfaK4Sc4m7X3dUSoHoozQGBEFeDC+zVo06t98xe8CzHSZZBekNXH+tu0NalHolcJ/QAGqS46Hef7QXBIMw==",
      "dependencies": [
        "is-inside-container"
      ]
    },
    "klona@2.0.6": {
      "integrity": "sha512-dhG34DXATL5hSxJbIexCft8FChFXtmskoZYnoPWjXQuebWYCNkVeV3KkGegCK9CP1oswI/vQibS2GY7Em/sJJA=="
    },
    "ky@1.14.0": {
      "integrity": "sha512-Rczb6FMM6JT0lvrOlP5WUOCB7s9XKxzwgErzhKlKde1bEV90FXplV1o87fpt4PU/asJFiqjYJxAJyzJhcrxOsQ=="
    },
    "long@4.0.0": {
      "integrity": "sha512-XsP+KhQif4bjX1kbuSiySJFNAehNxgLb6hPRGJ9QsUr8ajHkuXGdrHmFUTUUXhDwVX2R5bY4JNZEwbUiMhV+MA=="
    },
    "ms@2.1.2": {
      "integrity": "sha512-sGkPx+VjMtmA6MX27oA4FBFELFCZZ4S4XqeGOXCv68tT+jb3vk/RyaKWP0PTKyWtmLSM0b+adUTEvbs1PEaH2w=="
    },
    "node-addon-api@7.0.0": {
      "integrity": "sha512-vgbBJTS4m5/KkE16t5Ly0WW9hz46swAstv0hYYwMtbG7AznRhNyfLRe8HZAiWIpcHzoO7HxhLuBQj9rJ/Ho0ZA=="
    },
    "node-gyp-build@4.6.0": {
      "integrity": "sha512-NTZVKn9IylLwUzaKjkas1e4u2DLNcV4rdYagA4PWdPwW87Bi7z+BznyKSRwS/761tV/lzCGXplWsiaMjLqP2zQ==",
      "bin": true
    },
    "node-osc@11.1.1": {
      "integrity": "sha512-AYGsrwWHSD04Wm6hc1Sn1MZFHnUZytM40b5uiB7SJEMmMdXz/9g/8Io7da53kfALIsGmMq5PkQGIaT392VwD0A=="
    },
    "open@11.0.0": {
      "integrity": "sha512-smsWv2LzFjP03xmvFoJ331ss6h+jixfA4UUV/Bsiyuu4YJPfN+FIQGOIiv4w9/+MoHkfkJ22UIaQWRVFRfH6Vw==",
      "dependencies": [
        "default-browser",
        "define-lazy-prop",
        "is-in-ssh",
        "is-inside-container",
        "powershell-utils",
        "wsl-utils"
      ]
    },
    "osc@2.4.5": {
      "integrity": "sha512-Nc4/qcl+vA/CMxiKS1xrYgzjfnyB3W94gZnrkn3eTzihlndbEml6+wj1YQNKBI4r+qrw3obCcEoU7SVH/OxpxA==",
      "dependencies": [
        "long",
        "slip",
        "wolfy87-eventemitter",
        "ws@8.18.0"
      ],
      "optionalDependencies": [
        "serialport"
      ]
    },
    "powershell-utils@0.1.0": {
      "integrity": "sha512-dM0jVuXJPsDN6DvRpea484tCUaMiXWjuCn++HGTqUWzGDjv5tZkEZldAJ/UMlqRYGFrD/etByo4/xOuC/snX2A=="
    },
    "retry@0.13.1": {
      "integrity": "sha512-XQBQ3I8W1Cge0Seh+6gjj03LbmRFWuoszgK9ooCpwYIrhhoO80pfq4cUkU5DkknwfOfFteRwlZ56PYOGYyFWdg=="
    },
    "run-applescript@7.1.0": {
      "integrity": "sha512-DPe5pVFaAsinSaV6QjQ6gdiedWDcRCbUuiQfQa2wmWV7+xC9bGulGI8+TdRmoFkAPaBXk8CrAbnlY2ISniJ47Q=="
    },
    "serialport@12.0.0": {
      "integrity": "sha512-AmH3D9hHPFmnF/oq/rvigfiAouAKyK/TjnrkwZRYSFZxNggJxwvbAbfYrLeuvq7ktUdhuHdVdSjj852Z55R+uA==",
      "dependencies": [
        "@serialport/binding-mock",
        "@serialport/bindings-cpp",
        "@serialport/parser-byte-length",
        "@serialport/parser-cctalk",
        "@serialport/parser-delimiter@12.0.0",
        "@serialport/parser-inter-byte-timeout",
        "@serialport/parser-packet-length",
        "@serialport/parser-readline@12.0.0",
        "@serialport/parser-ready",
        "@serialport/parser-regex",
        "@serialport/parser-slip-encoder",
        "@serialport/parser-spacepacket",
        "@serialport/stream",
        "debug"
      ]
    },
    "slip@1.0.2": {
      "integrity": "sha512-XrcHe3NAcyD3wO+O4I13RcS4/3AF+S9RvGNj9JhJeS02HyImwD2E3QWLrmn9hBfL+fB6yapagwxRkeyYzhk98g=="
    },
    "tslib@2.8.1": {
      "integrity": "sha512-oJFu94HQb+KVduSUQL7wnpmqnfmLsOA/nAh6b6EH0wCEoK0/mPeXU6c3wKDV83MkOuHPRHtSXKKU99IBazS/2w=="
    },
    "typebox@1.0.61": {
      "integrity": "sha512-5KeeL5QoPBoYm8Z7tGR1Pw9FjWA75MLhVuiSMCRgtgTg/d2+kTvolFddhOUua9FxpIaqXznFPZcc3sl6cEpafw=="
    },
    "undici-types@7.10.0": {
      "integrity": "sha512-t5Fy/nfn+14LuOc2KNYg75vZqClpAiqscVvMygNnlsHBFpSXdJaYtXMcdNLpl/Qvc3P2cB3s6lOV51nqsFq4ag=="
    },
    "wolfy87-eventemitter@5.2.9": {
      "integrity": "sha512-P+6vtWyuDw+MB01X7UeF8TaHBvbCovf4HPEMF/SV7BdDc1SMTiBy13SRD71lQh4ExFTG1d/WNzDGDCyOKSMblw=="
    },
    "ws@8.18.0": {
      "integrity": "sha512-8VbfWfHLbbwu3+N6OKsOMpBdT4kXPDDB9cJk2bJ6mh9ucxdlnNvH1e+roYkKmN9Nxw2yjz7VzeO9oOz2zJ04Pw=="
    },
    "ws@8.18.3": {
      "integrity": "sha512-PEIGCY5tSlUt50cqyMXfCzX+oOPqN0vuGqWzbcJ2xvnkzkq46oOpz7dQaTDBdfICb4N14+GARUDw2XV2N4tvzg=="
    },
    "wsl-utils@0.3.0": {
      "integrity": "sha512-3sFIGLiaDP7rTO4xh3g+b3AzhYDIUGGywE/WsmqzJWDxus5aJXVnPTNC/6L+r2WzrwXqVOdD262OaO+cEyPMSQ==",
      "dependencies": [
        "is-wsl",
        "powershell-utils"
      ]
    }
  },
  "workspace": {
    "dependencies": [
      "jsr:@std/assert@1",
      "jsr:@std/yaml@^1.0.10",
      "npm:@twurple/api@^8.0.2",
      "npm:@twurple/auth@^8.0.2",
      "npm:@twurple/eventsub-ws@^8.0.2",
      "npm:ky@^1.14.0",
      "npm:node-osc@^11.1.1",
      "npm:open@11",
      "npm:osc@^2.4.5",
      "npm:typebox@^1.0.61"
    ]
  }
}
